# THIS IS AN AUTOGENERATED FILE. DO NOT EDIT THIS FILE DIRECTLY.
# yarn lockfile v1


"@next/env@12.1.5":
  version "12.1.5"
  resolved "https://registry.yarnpkg.com/@next/env/-/env-12.1.5.tgz#a21ba6708022d630402ca2b340316e69a0296dfc"
  integrity sha512-+34yUJslfJi7Lyx6ELuN8nWcOzi27izfYnZIC1Dqv7kmmfiBVxgzR3BXhlvEMTKC2IRJhXVs2FkMY+buQe3k7Q==

"@next/swc-android-arm-eabi@12.1.5":
  version "12.1.5"
  resolved "https://registry.yarnpkg.com/@next/swc-android-arm-eabi/-/swc-android-arm-eabi-12.1.5.tgz#36729ab3dfd7743e82cfe536b43254dcb146620c"
  integrity sha512-SKnGTdYcoN04Y2DvE0/Y7/MjkA+ltsmbuH/y/hR7Ob7tsj+8ZdOYuk+YvW1B8dY20nDPHP58XgDTSm2nA8BzzA==

"@next/swc-android-arm64@12.1.5":
  version "12.1.5"
  resolved "https://registry.yarnpkg.com/@next/swc-android-arm64/-/swc-android-arm64-12.1.5.tgz#52578f552305c92d0b9b81d603c9643fb71e0835"
  integrity sha512-YXiqgQ/9Rxg1dXp6brXbeQM1JDx9SwUY/36JiE+36FXqYEmDYbxld9qkX6GEzkc5rbwJ+RCitargnzEtwGW0mw==

"@next/swc-darwin-arm64@12.1.5":
  version "12.1.5"
  resolved "https://registry.yarnpkg.com/@next/swc-darwin-arm64/-/swc-darwin-arm64-12.1.5.tgz#3d5b53211484c72074f4975ba0ec2b1107db300e"
  integrity sha512-y8mhldb/WFZ6lFeowkGfi0cO/lBdiBqDk4T4LZLvCpoQp4Or/NzUN6P5NzBQZ5/b4oUHM/wQICEM+1wKA4qIVw==

"@next/swc-darwin-x64@12.1.5":
  version "12.1.5"
  resolved "https://registry.yarnpkg.com/@next/swc-darwin-x64/-/swc-darwin-x64-12.1.5.tgz#adcabb732d226453777c0d37d58eaff9328b66fd"
  integrity sha512-wqJ3X7WQdTwSGi0kIDEmzw34QHISRIQ5uvC+VXmsIlCPFcMA+zM5723uh8NfuKGquDMiEMS31a83QgkuHMYbwQ==

"@next/swc-linux-arm-gnueabihf@12.1.5":
  version "12.1.5"
  resolved "https://registry.yarnpkg.com/@next/swc-linux-arm-gnueabihf/-/swc-linux-arm-gnueabihf-12.1.5.tgz#82a7cde67482b756bc65fbebf1dfa8a782074e93"
  integrity sha512-WnhdM5duONMvt2CncAl+9pim0wBxDS2lHoo7ub/o/i1bRbs11UTzosKzEXVaTDCUkCX2c32lIDi1WcN2ZPkcdw==

"@next/swc-linux-arm64-gnu@12.1.5":
  version "12.1.5"
  resolved "https://registry.yarnpkg.com/@next/swc-linux-arm64-gnu/-/swc-linux-arm64-gnu-12.1.5.tgz#f82ca014504950aab751e81f467492e9be0bad5d"
  integrity sha512-Jq2H68yQ4bLUhR/XQnbw3LDW0GMQn355qx6rU36BthDLeGue7YV7MqNPa8GKvrpPocEMW77nWx/1yI6w6J07gw==

"@next/swc-linux-arm64-musl@12.1.5":
  version "12.1.5"
  resolved "https://registry.yarnpkg.com/@next/swc-linux-arm64-musl/-/swc-linux-arm64-musl-12.1.5.tgz#f811ec9f4b12a978426c284c95ab2f515ddf7f9e"
  integrity sha512-KgPjwdbhDqXI7ghNN8V/WAiLquc9Ebe8KBrNNEL0NQr+yd9CyKJ6KqjayVkmX+hbHzbyvbui/5wh/p3CZQ9xcQ==

"@next/swc-linux-x64-gnu@12.1.5":
  version "12.1.5"
  resolved "https://registry.yarnpkg.com/@next/swc-linux-x64-gnu/-/swc-linux-x64-gnu-12.1.5.tgz#d44857257e6d20dc841998951d584ab1f25772c3"
  integrity sha512-O2ErUTvCJ6DkNTSr9pbu1n3tcqykqE/ebty1rwClzIYdOgpB3T2MfEPP+K7GhUR87wmN/hlihO9ch7qpVFDGKw==

"@next/swc-linux-x64-musl@12.1.5":
  version "12.1.5"
  resolved "https://registry.yarnpkg.com/@next/swc-linux-x64-musl/-/swc-linux-x64-musl-12.1.5.tgz#3cc523abadc9a2a6de680593aff06e71cc29ecef"
  integrity sha512-1eIlZmlO/VRjxxzUBcVosf54AFU3ltAzHi+BJA+9U/lPxCYIsT+R4uO3QksRzRjKWhVQMRjEnlXyyq5SKJm7BA==

"@next/swc-win32-arm64-msvc@12.1.5":
  version "12.1.5"
  resolved "https://registry.yarnpkg.com/@next/swc-win32-arm64-msvc/-/swc-win32-arm64-msvc-12.1.5.tgz#c62232d869f1f9b22e8f24e4e7f05307c20f30ca"
  integrity sha512-oromsfokbEuVb0CBLLE7R9qX3KGXucZpsojLpzUh1QJjuy1QkrPJncwr8xmWQnwgtQ6ecMWXgXPB+qtvizT9Tw==

"@next/swc-win32-ia32-msvc@12.1.5":
  version "12.1.5"
  resolved "https://registry.yarnpkg.com/@next/swc-win32-ia32-msvc/-/swc-win32-ia32-msvc-12.1.5.tgz#2bd9b28a9ba730d12a493e7d9d18e150fe89d496"
  integrity sha512-a/51L5KzBpeZSW9LbekMo3I3Cwul+V+QKwbEIMA+Qwb2qrlcn1L9h3lt8cHqNTFt2y72ce6aTwDTw1lyi5oIRA==

"@next/swc-win32-x64-msvc@12.1.5":
  version "12.1.5"
  resolved "https://registry.yarnpkg.com/@next/swc-win32-x64-msvc/-/swc-win32-x64-msvc-12.1.5.tgz#02f377e4d41eaaacf265e34bab9bacd8efc4a351"
  integrity sha512-/SoXW1Ntpmpw3AXAzfDRaQidnd8kbZ2oSni8u5z0yw6t4RwJvmdZy1eOaAADRThWKV+2oU90++LSnXJIwBRWYQ==

"@rpldy/chunked-sender@^0.18.2":
  version "0.18.2"
  resolved "https://registry.yarnpkg.com/@rpldy/chunked-sender/-/chunked-sender-0.18.2.tgz#4ed0e405ea4d9b0f04badc2281287749a8543001"
  integrity sha512-t5jS+0PUXp7NJi1Kjk50TM9sVKiXeU+Pwumtl1OxBJuADcQObk2VV7t2DSizUpijaj7AIpBppbelWdGEMYNjww==
  dependencies:
    "@rpldy/sender" "^0.18.2"
    "@rpldy/shared" "^0.18.2"
    "@rpldy/simple-state" "^0.18.2"

"@rpldy/chunked-uploady@^0.18.2":
  version "0.18.2"
  resolved "https://registry.yarnpkg.com/@rpldy/chunked-uploady/-/chunked-uploady-0.18.2.tgz#d12d896bb73bccbfde7f7430a0a169af19c37bb7"
  integrity sha512-CtpyJIkJp31DGTenl9k6mXCZTCZcaWOzXrv4oVglEL5q8Dw1xKsUalX5SgxR/XjEPSENXiJX7XxWhrpXI5uqgA==
  dependencies:
    "@rpldy/chunked-sender" "^0.18.2"
    "@rpldy/sender" "^0.18.2"
    "@rpldy/shared" "^0.18.2"
    "@rpldy/shared-ui" "^0.18.2"
    "@rpldy/uploader" "^0.18.2"
    "@rpldy/uploady" "^0.18.2"

"@rpldy/life-events@^0.18.2":
  version "0.18.2"
  resolved "https://registry.yarnpkg.com/@rpldy/life-events/-/life-events-0.18.2.tgz#78402bff01c1223af019409c73cf52a3aa2a74b2"
  integrity sha512-lcCKMXwpzAK9qwpb00s1O0T1TbUpDZRPiqurtOKc8nEOIBubhguVAbTcvex0oCkr+6qpVOtHUfWMxXDUyKE++g==
  dependencies:
    "@rpldy/shared" "^0.18.2"

"@rpldy/mock-sender@^0.18.2":
  version "0.18.2"
  resolved "https://registry.yarnpkg.com/@rpldy/mock-sender/-/mock-sender-0.18.2.tgz#6f89a4eff0335d825a2ffe6680a6188205d4d66f"
  integrity sha512-2sa2OS9aTDF0tZORGyd5DQ28hTVCQXaf7lztfBxHhnXOjDyj93RloB7gQfWGEUFBz+Uo9hbXwGOTCGfXyePUQA==
  dependencies:
    "@rpldy/sender" "^0.18.2"
    "@rpldy/shared" "^0.18.2"
    "@rpldy/uploader" "^0.18.2"

"@rpldy/safe-storage@^0.18.2":
  version "0.18.2"
  resolved "https://registry.yarnpkg.com/@rpldy/safe-storage/-/safe-storage-0.18.2.tgz#73f91b6ec144bbfc884faf106003832a5af3cc91"
  integrity sha512-BWZJjQtByiK3Gbz2zxfVIRH7h8S1e3JMJBZ2Tn06VI310NoOUlYWMx/9WbmDG5QT+UGHXpfn3SoFDhGtX+33Gw==
  dependencies:
    "@rpldy/shared" "^0.18.2"

"@rpldy/sender@^0.18.2":
  version "0.18.2"
  resolved "https://registry.yarnpkg.com/@rpldy/sender/-/sender-0.18.2.tgz#874a48320cdbe8b3a37075f8050fa55cd73fdd3b"
  integrity sha512-uxrblpGEmFSqaDIXyaHIsW2KdvnBNOZTmnTsIYq/0AZfFYd2RqP76wTbVLbGDGxPfXY182Qw2FFbIvFM+mMU3w==
  dependencies:
    "@rpldy/shared" "^0.18.2"

"@rpldy/shared-ui@^0.18.2":
  version "0.18.2"
  resolved "https://registry.yarnpkg.com/@rpldy/shared-ui/-/shared-ui-0.18.2.tgz#e07d69c4bf6fc4dcb71d4da0d8938472049ce54c"
  integrity sha512-Y79pGKux8xWKJitc6g8u2i6Kp0cN9jwJRTU2Xex6w5zbbKkjjOSirc3OosQ+mrcgVkgOsbvoGJ8k6PYGYnQCtA==
  dependencies:
    "@rpldy/shared" "^0.18.2"
    "@rpldy/uploader" "^0.18.2"

"@rpldy/shared@^0.18.2":
  version "0.18.2"
  resolved "https://registry.yarnpkg.com/@rpldy/shared/-/shared-0.18.2.tgz#b37e996d4ba1c6f1a5242154d044c6ca4b68a303"
  integrity sha512-13TN0QHshoNVwUe2x9l2WFnE0xUUm/jWXbZuVZTb/VAqxEqZIV3S2cQJLoyv9RECoMiiUPuPEMVBLoRkoN4w2A==
  dependencies:
    invariant "^2.2.4"
    just-throttle "^1.1.0"

"@rpldy/simple-state@^0.18.2":
  version "0.18.2"
  resolved "https://registry.yarnpkg.com/@rpldy/simple-state/-/simple-state-0.18.2.tgz#a48f31d2521c7f9da7a4cfe1602dcf941ac2aec4"
  integrity sha512-oRWCHtULndyRSHkgUqxSEEYfh/StjEzaB8X/VUG0XDlr7/GWIdLS3UeTveDSyAoUJvo6ep3qIbg2T8GepT2PQw==
  dependencies:
    "@rpldy/shared" "^0.18.2"

"@rpldy/tus-sender@^0.18.2":
  version "0.18.2"
  resolved "https://registry.yarnpkg.com/@rpldy/tus-sender/-/tus-sender-0.18.2.tgz#db4fe76f696ab763178950b92d637068e7cfbf8b"
  integrity sha512-4VkuOUzh40zEy5tkF0acyrG9i/Z/aldkd2LwgzcIu2RWvs7vRmkqrYtd9JC2goU7yZ57URvpiA4JLac6Vpiwkg==
  dependencies:
    "@rpldy/chunked-sender" "^0.18.2"
    "@rpldy/safe-storage" "^0.18.2"
    "@rpldy/sender" "^0.18.2"
    "@rpldy/shared" "^0.18.2"
    "@rpldy/simple-state" "^0.18.2"

"@rpldy/tus-uploady@^0.18.2":
  version "0.18.2"
  resolved "https://registry.yarnpkg.com/@rpldy/tus-uploady/-/tus-uploady-0.18.2.tgz#47947e6992e01c454e9ba8726fa93794f1e3d67e"
  integrity sha512-cMQpOBxMYBAIZ8vrOrLxNP5tXJuKgwwdibSRuqS+amMV7jsvZok8Ed2QcBSuG84Lr2KFtjzR5Hc1g+aUtAiG2Q==
  dependencies:
    "@rpldy/shared" "^0.18.2"
    "@rpldy/shared-ui" "^0.18.2"
    "@rpldy/tus-sender" "^0.18.2"

"@rpldy/upload-button@^0.18.2":
  version "0.18.2"
  resolved "https://registry.yarnpkg.com/@rpldy/upload-button/-/upload-button-0.18.2.tgz#af79ee48507b5182402bc6784ceaf1e7a0137e8b"
  integrity sha512-52k7y8oZ6x2kfPJpUdtScz+89rGdAaDes1pGR3Av+mgTIF9Q8HiR4Mn3F3bee++kcBqUTxumdXiKyRZZELtZZw==
  dependencies:
    "@rpldy/shared-ui" "^0.18.2"

"@rpldy/upload-drop-zone@^0.18.2":
  version "0.18.2"
  resolved "https://registry.yarnpkg.com/@rpldy/upload-drop-zone/-/upload-drop-zone-0.18.2.tgz#8a2af3db90869fe95831520b1530184817c53c05"
  integrity sha512-yxcPMuNh+owRvttGtTqtqOATWldk0PIHAFgC3MuJLK2WHMdKn90uY/UmHBjXyW0PXgUZgWp1MzS3jPBtCA/x1g==
  dependencies:
    "@rpldy/shared-ui" "^0.18.2"
    html-dir-content "^0.3.2"

"@rpldy/upload-preview@^0.18.2":
  version "0.18.2"
  resolved "https://registry.yarnpkg.com/@rpldy/upload-preview/-/upload-preview-0.18.2.tgz#1a39a6d97ccb85c4e8653a67f86c0ed650a2d1a4"
  integrity sha512-Q/fc+CdnBrs9HX+xJLoI0hr7GDC9+Ccrg3LCFjuPhiniy4Qxly4Hwa1n8TwJ52m/bstxouFpsBwSunzjb7PfNg==
  dependencies:
    "@rpldy/shared" "^0.18.2"
    "@rpldy/shared-ui" "^0.18.2"

"@rpldy/uploader@^0.18.2":
  version "0.18.2"
  resolved "https://registry.yarnpkg.com/@rpldy/uploader/-/uploader-0.18.2.tgz#fcb9422f2a49ed23c59baac4cd1ed6e09718af3c"
  integrity sha512-WEBmq2ahwpXegLd5zTUN6O+HevgyIzry/U/FgeJn2Nkjmgza73lF6QLH9AHt47iBwfnHKZcUNAc4gbzxrhvR+w==
  dependencies:
    "@rpldy/life-events" "^0.18.2"
    "@rpldy/sender" "^0.18.2"
    "@rpldy/shared" "^0.18.2"
    "@rpldy/simple-state" "^0.18.2"

"@rpldy/uploady@^0.18.2":
  version "0.18.2"
  resolved "https://registry.yarnpkg.com/@rpldy/uploady/-/uploady-0.18.2.tgz#0d359f566d056e52972b38227a08bacd802c5c6c"
  integrity sha512-2Q2YAG0g71t2trVC8wJhY6AHcHDdANA5HIqgQs/aH+LSL2Vq0NrjeQLEbw6v1tMxaCKdC1IbPNjQuEBNlpJgvg==
  dependencies:
    "@rpldy/life-events" "^0.18.2"
    "@rpldy/shared" "^0.18.2"
    "@rpldy/shared-ui" "^0.18.2"
    "@rpldy/uploader" "^0.18.2"

"@transloadit/prettier-bytes@0.0.7":
  version "0.0.7"
  resolved "https://registry.yarnpkg.com/@transloadit/prettier-bytes/-/prettier-bytes-0.0.7.tgz#cdb5399f445fdd606ed833872fa0cabdbc51686b"
  integrity sha512-VeJbUb0wEKbcwaSlj5n+LscBl9IPgLPkHVGBkh00cztv6X4L/TJXK58LzFuBKX7/GAfiGhIwH67YTLTlzvIzBA==

"@uppy/core@^1.13.2":
  version "1.13.2"
  resolved "https://registry.yarnpkg.com/@uppy/core/-/core-1.13.2.tgz#78c03019ca78ebaa2920c1fa4888ee76531d2e59"
  integrity sha512-h0fbwlntm51lJ5i9k16csAsGNuWSzAZe69gLX/5DOISWqziRdF3g2EtSG17p/p/tK/MwX1dzyNU8JI6krDYIwA==
  dependencies:
    "@transloadit/prettier-bytes" "0.0.7"
    "@uppy/store-default" "^1.2.4"
    "@uppy/utils" "^3.2.3"
    cuid "^2.1.1"
    lodash.throttle "^4.1.1"
    mime-match "^1.0.2"
    namespace-emitter "^2.0.1"
    preact "8.2.9"

"@uppy/store-default@^1.2.4":
  version "1.2.4"
  resolved "https://registry.yarnpkg.com/@uppy/store-default/-/store-default-1.2.4.tgz#480f50cbf23f36158557a42b7699da0cf629d368"
  integrity sha512-d4YTq6SeH792+vG9OXGCfmCIoo4RteLJKU2mZCzMYNjCZ1yNfU/FVw1r7heTc7f2wNls56ABor2xSybk/X+wFA==

"@uppy/utils@^3.2.3":
  version "3.2.3"
  resolved "https://registry.yarnpkg.com/@uppy/utils/-/utils-3.2.3.tgz#91cb4a133bd610b861fe3069be1f0e85036dcc20"
  integrity sha512-ue14v4yKK6bYBPGjt31wvLnYMThKCVOsy3R7y++eFuPsxfidIGmOGiv+Qmv0895kMJtt7gk0MddXjbCdBX4Ksg==
  dependencies:
    abortcontroller-polyfill "^1.4.0"
    lodash.throttle "^4.1.1"

abortcontroller-polyfill@^1.4.0:
  version "1.5.0"
  resolved "https://registry.yarnpkg.com/abortcontroller-polyfill/-/abortcontroller-polyfill-1.5.0.tgz#2c562f530869abbcf88d949a2b60d1d402e87a7c"
  integrity sha512-O6Xk757Jb4o0LMzMOMdWvxpHWrQzruYBaUruFaIOfAQRnWFxfdXYobw12jrVHGtoXk6WiiyYzc0QWN9aL62HQA==

caniuse-lite@^1.0.30001283:
  version "1.0.30001332"
  resolved "https://registry.yarnpkg.com/caniuse-lite/-/caniuse-lite-1.0.30001332.tgz#39476d3aa8d83ea76359c70302eafdd4a1d727dd"
  integrity sha512-10T30NYOEQtN6C11YGg411yebhvpnC6Z102+B95eAsN0oB6KUs01ivE8u+G6FMIRtIrVlYXhL+LUwQ3/hXwDWw==

cuid@^2.1.1:
  version "2.1.8"
  resolved "https://registry.yarnpkg.com/cuid/-/cuid-2.1.8.tgz#cbb88f954171e0d5747606c0139fb65c5101eac0"
  integrity sha512-xiEMER6E7TlTPnDxrM4eRiC6TRgjNX9xzEZ5U/Se2YJKr7Mq4pJn/2XEHjl3STcSh96GmkHPcBXLES8M29wyyg==

html-dir-content@^0.3.2:
  version "0.3.2"
  resolved "https://registry.yarnpkg.com/html-dir-content/-/html-dir-content-0.3.2.tgz#3fed73cf7b6c11e882fcfda38b32a2e9c58d1339"
  integrity sha512-a1EJZbvBGmmFwk9VxFhEgaHkyXUXKTkw0jr0FCvXKCqgzO1H0wbFQbbzRA6FhR3twxAyjqVc80bzGHEmKrYsSw==

invariant@^2.2.4:
  version "2.2.4"
  resolved "https://registry.yarnpkg.com/invariant/-/invariant-2.2.4.tgz#610f3c92c9359ce1db616e538008d23ff35158e6"
  integrity sha512-phJfQVBuaJM5raOpJjSfkiD6BpbCE4Ns//LaXl6wGYtUBY83nWS6Rf9tXm2e8VaK60JEjYldbPif/A2B1C2gNA==
  dependencies:
    loose-envify "^1.0.0"

"js-tokens@^3.0.0 || ^4.0.0":
  version "4.0.0"
  resolved "https://registry.yarnpkg.com/js-tokens/-/js-tokens-4.0.0.tgz#19203fb59991df98e3a287050d4647cdeaf32499"
  integrity sha512-RdJUflcE3cUzKiMqQgsCu06FPu9UdIJO0beYbPhHN4k6apgJtifcoCtT9bcxOpYBtpD2kCM6Sbzg4CausW/PKQ==

just-throttle@^1.1.0:
  version "1.1.0"
  resolved "https://registry.yarnpkg.com/just-throttle/-/just-throttle-1.1.0.tgz#178d305ece9876a8a0759abd8d403aafcc6e4849"
  integrity sha512-iePC/13XYX1Tyn9C6jY+DG3UEejkDvrKsw5xxgGhtGUwYWmoJm4CoKexscBKELOu3FTyCDzjr21ZJ67AXnz+bg==

lodash.throttle@^4.1.1:
  version "4.1.1"
  resolved "https://registry.yarnpkg.com/lodash.throttle/-/lodash.throttle-4.1.1.tgz#c23e91b710242ac70c37f1e1cda9274cc39bf2f4"
  integrity sha1-wj6RtxAkKscMN/HhzaknTMOb8vQ=

loose-envify@^1.0.0, loose-envify@^1.1.0:
  version "1.4.0"
  resolved "https://registry.yarnpkg.com/loose-envify/-/loose-envify-1.4.0.tgz#71ee51fa7be4caec1a63839f7e682d8132d30caf"
  integrity sha512-lyuxPGr/Wfhrlem2CL/UcnUc1zcqKAImBDzukY7Y5F/yQiNdko6+fRLevlw1HgMySw7f611UIY408EtxRSoK3Q==
  dependencies:
    js-tokens "^3.0.0 || ^4.0.0"

mime-match@^1.0.2:
  version "1.0.2"
  resolved "https://registry.yarnpkg.com/mime-match/-/mime-match-1.0.2.tgz#3f87c31e9af1a5fd485fb9db134428b23bbb7ba8"
  integrity sha1-P4fDHprxpf1IX7nbE0Qosju7e6g=
  dependencies:
    wildcard "^1.1.0"

namespace-emitter@^2.0.1:
  version "2.0.1"
  resolved "https://registry.yarnpkg.com/namespace-emitter/-/namespace-emitter-2.0.1.tgz#978d51361c61313b4e6b8cf6f3853d08dfa2b17c"
  integrity sha512-N/sMKHniSDJBjfrkbS/tpkPj4RAbvW3mr8UAzvlMHyun93XEm83IAvhWtJVHo+RHn/oO8Job5YN4b+wRjSVp5g==

nanoid@^3.1.30:
  version "3.3.3"
  resolved "https://registry.yarnpkg.com/nanoid/-/nanoid-3.3.3.tgz#fd8e8b7aa761fe807dba2d1b98fb7241bb724a25"
  integrity sha512-p1sjXuopFs0xg+fPASzQ28agW1oHD7xDsd9Xkf3T15H3c/cifrFHVwrh74PdoklAPi+i7MdRsE47vm2r6JoB+w==

next@^12.1.5:
  version "12.1.5"
  resolved "https://registry.yarnpkg.com/next/-/next-12.1.5.tgz#7a07687579ddce61ee519493e1c178d83abac063"
  integrity sha512-YGHDpyfgCfnT5GZObsKepmRnne7Kzp7nGrac07dikhutWQug7hHg85/+sPJ4ZW5Q2pDkb+n0FnmLkmd44htIJQ==
  dependencies:
    "@next/env" "12.1.5"
    caniuse-lite "^1.0.30001283"
    postcss "8.4.5"
    styled-jsx "5.0.1"
  optionalDependencies:
    "@next/swc-android-arm-eabi" "12.1.5"
    "@next/swc-android-arm64" "12.1.5"
    "@next/swc-darwin-arm64" "12.1.5"
    "@next/swc-darwin-x64" "12.1.5"
    "@next/swc-linux-arm-gnueabihf" "12.1.5"
    "@next/swc-linux-arm64-gnu" "12.1.5"
    "@next/swc-linux-arm64-musl" "12.1.5"
    "@next/swc-linux-x64-gnu" "12.1.5"
    "@next/swc-linux-x64-musl" "12.1.5"
    "@next/swc-win32-arm64-msvc" "12.1.5"
    "@next/swc-win32-ia32-msvc" "12.1.5"
    "@next/swc-win32-x64-msvc" "12.1.5"

picocolors@^1.0.0:
  version "1.0.0"
  resolved "https://registry.yarnpkg.com/picocolors/-/picocolors-1.0.0.tgz#cb5bdc74ff3f51892236eaf79d68bc44564ab81c"
  integrity sha512-1fygroTLlHu66zi26VoTDv8yRgm0Fccecssto+MhsZ0D/DGW2sm8E8AjW7NU5VVTRt5GxbeZ5qBuJr+HyLYkjQ==

postcss@8.4.5:
  version "8.4.5"
  resolved "https://registry.yarnpkg.com/postcss/-/postcss-8.4.5.tgz#bae665764dfd4c6fcc24dc0fdf7e7aa00cc77f95"
  integrity sha512-jBDboWM8qpaqwkMwItqTQTiFikhs/67OYVvblFFTM7MrZjt6yMKd6r2kgXizEbTTljacm4NldIlZnhbjr84QYg==
  dependencies:
    nanoid "^3.1.30"
    picocolors "^1.0.0"
    source-map-js "^1.0.1"

preact@8.2.9:
  version "8.2.9"
  resolved "https://registry.yarnpkg.com/preact/-/preact-8.2.9.tgz#813ba9dd45e5d97c5ea0d6c86d375b3be711cc40"
  integrity sha512-ThuGXBmJS3VsT+jIP+eQufD3L8pRw/PY3FoCys6O9Pu6aF12Pn9zAJDX99TfwRAFOCEKm/P0lwiPTbqKMJp0fA==

react-dom@^18.0.0:
  version "18.0.0"
  resolved "https://registry.yarnpkg.com/react-dom/-/react-dom-18.0.0.tgz#26b88534f8f1dbb80853e1eabe752f24100d8023"
  integrity sha512-XqX7uzmFo0pUceWFCt7Gff6IyIMzFUn7QMZrbrQfGxtaxXZIcGQzoNpRLE3fQLnS4XzLLPMZX2T9TRcSrasicw==
  dependencies:
    loose-envify "^1.1.0"
    scheduler "^0.21.0"

react@^18.0.0:
  version "18.0.0"
  resolved "https://registry.yarnpkg.com/react/-/react-18.0.0.tgz#b468736d1f4a5891f38585ba8e8fb29f91c3cb96"
  integrity sha512-x+VL6wbT4JRVPm7EGxXhZ8w8LTROaxPXOqhlGyVSrv0sB1jkyFGgXxJ8LVoPRLvPR6/CIZGFmfzqUa2NYeMr2A==
  dependencies:
    loose-envify "^1.1.0"

scheduler@^0.21.0:
  version "0.21.0"
  resolved "https://registry.yarnpkg.com/scheduler/-/scheduler-0.21.0.tgz#6fd2532ff5a6d877b6edb12f00d8ab7e8f308820"
  integrity sha512-1r87x5fz9MXqswA2ERLo0EbOAU74DpIUO090gIasYTqlVoJeMcl+Z1Rg7WHz+qtPujhS/hGIt9kxZOYBV3faRQ==
  dependencies:
    loose-envify "^1.1.0"

source-map-js@^1.0.1:
  version "1.0.2"
  resolved "https://registry.yarnpkg.com/source-map-js/-/source-map-js-1.0.2.tgz#adbc361d9c62df380125e7f161f71c826f1e490c"
  integrity sha512-R0XvVJ9WusLiqTCEiGCmICCMplcCkIwwR11mOSD9CR5u+IXYdiseeEuXCVAjS54zqwkLcPNnmU4OeJ6tUrWhDw==

styled-jsx@5.0.1:
  version "5.0.1"
  resolved "https://registry.yarnpkg.com/styled-jsx/-/styled-jsx-5.0.1.tgz#78fecbbad2bf95ce6cd981a08918ce4696f5fc80"
  integrity sha512-+PIZ/6Uk40mphiQJJI1202b+/dYeTVd9ZnMPR80pgiWbjIwvN2zIp4r9et0BgqBuShh48I0gttPlAXA7WVvBxw==

wildcard@^1.1.0:
  version "1.1.2"
  resolved "https://registry.yarnpkg.com/wildcard/-/wildcard-1.1.2.tgz#a7020453084d8cd2efe70ba9d3696263de1710a5"
  integrity sha1-pwIEUwhNjNLv5wup02liY94XEKU=
